
Microsoft Visual Studio Solution File, Format Version 12.00
# Visual Studio Version 17
VisualStudioVersion = 17.8.34511.84
MinimumVisualStudioVersion = 10.0.40219.1
Project("{9A19103F-16F7-4668-BE54-9A1E7A4F7556}") = "LMSProjectApp", "LMSProjectApp\LMSProjectApp.csproj", "{5094393F-8D0A-4F35-B86F-045CC83FD235}"
EndProject
Project("{9A19103F-16F7-4668-BE54-9A1E7A4F7556}") = "MAUIProject1", "MAUIProject1\MAUIProject1.csproj", "{F6878768-1C93-4514-B097-2D457AEA6FDB}"
EndProject
Project("{FAE04EC0-301F-11D3-BF4B-00C04F79EFBC}") = "LMS-MAUI.API", "LMS-MAUI.API\LMS-MAUI.API.csproj", "{D151A516-12B3-4720-8D33-9F74233D3CA7}"
EndProject
Global
	GlobalSection(SolutionConfigurationPlatforms) = preSolution
		Debug|Any CPU = Debug|Any CPU
		Release|Any CPU = Release|Any CPU
	EndGlobalSection
	GlobalSection(ProjectConfigurationPlatforms) = postSolution
		{5094393F-8D0A-4F35-B86F-045CC83FD235}.Debug|Any CPU.ActiveCfg = Debug|Any CPU
		{5094393F-8D0A-4F35-B86F-045CC83FD235}.Debug|Any CPU.Build.0 = Debug|Any CPU
		{5094393F-8D0A-4F35-B86F-045CC83FD235}.Release|Any CPU.ActiveCfg = Release|Any CPU
		{5094393F-8D0A-4F35-B86F-045CC83FD235}.Release|Any CPU.Build.0 = Release|Any CPU
		{F6878768-1C93-4514-B097-2D457AEA6FDB}.Debug|Any CPU.ActiveCfg = Debug|Any CPU
		{F6878768-1C93-4514-B097-2D457AEA6FDB}.Debug|Any CPU.Build.0 = Debug|Any CPU
		{F6878768-1C93-4514-B097-2D457AEA6FDB}.Debug|Any CPU.Deploy.0 = Debug|Any CPU
		{F6878768-1C93-4514-B097-2D457AEA6FDB}.Release|Any CPU.ActiveCfg = Release|Any CPU
		{F6878768-1C93-4514-B097-2D457AEA6FDB}.Release|Any CPU.Build.0 = Release|Any CPU
		{F6878768-1C93-4514-B097-2D457AEA6FDB}.Release|Any CPU.Deploy.0 = Release|Any CPU
		{D151A516-12B3-4720-8D33-9F74233D3CA7}.Debug|Any CPU.ActiveCfg = Debug|Any CPU
		{D151A516-12B3-4720-8D33-9F74233D3CA7}.Debug|Any CPU.Build.0 = Debug|Any CPU
		{D151A516-12B3-4720-8D33-9F74233D3CA7}.Release|Any CPU.ActiveCfg = Release|Any CPU
		{D151A516-12B3-4720-8D33-9F74233D3CA7}.Release|Any CPU.Build.0 = Release|Any CPU
	EndGlobalSection
	GlobalSection(SolutionProperties) = preSolution
		HideSolutionNode = FALSE
	EndGlobalSection
	GlobalSection(ExtensibilityGlobals) = postSolution
		SolutionGuid = {54D38178-1855-49F8-827E-4E66DE1169DD}
	EndGlobalSection
EndGlobal
